
Microsoft Visual Studio Solution File, Format Version 12.00
# Visual Studio 15
VisualStudioVersion = 15.0.27703.2000
MinimumVisualStudioVersion = 10.0.40219.1
Project("{FAE04EC0-301F-11D3-BF4B-00C04F79EFBC}") = "Reproductor2", "Reproductor2\Reproductor2.csproj", "{85015996-980D-48D0-ADE7-DC03F3B1C290}"
EndProject
Global
	GlobalSection(SolutionConfigurationPlatforms) = preSolution
		Debug|Any CPU = Debug|Any CPU
		Release|Any CPU = Release|Any CPU
	EndGlobalSection
	GlobalSection(ProjectConfigurationPlatforms) = postSolution
		{85015996-980D-48D0-ADE7-DC03F3B1C290}.Debug|Any CPU.ActiveCfg = Debug|Any CPU
		{85015996-980D-48D0-ADE7-DC03F3B1C290}.Debug|Any CPU.Build.0 = Debug|Any CPU
		{85015996-980D-48D0-ADE7-DC03F3B1C290}.Release|Any CPU.ActiveCfg = Release|Any CPU
		{85015996-980D-48D0-ADE7-DC03F3B1C290}.Release|Any CPU.Build.0 = Release|Any CPU
	EndGlobalSection
	GlobalSection(SolutionProperties) = preSolution
		HideSolutionNode = FALSE
	EndGlobalSection
	GlobalSection(ExtensibilityGlobals) = postSolution
		SolutionGuid = {DF9FA736-3493-476B-935B-CB75862B77A5}
	EndGlobalSection
EndGlobal
